// !$*UTF8*$!
{
	archiveVersion = 1;
	classes = {
	};
	objectVersion = 46;
	objects = {

/* Begin PBXBuildFile section */
		4C8048571C85EBB50011A9A4 /* AppDelegate.swift in Sources */ = {isa = PBXBuildFile; fileRef = 4C8048561C85EBB50011A9A4 /* AppDelegate.swift */; };
		4C8048591C85EBB50011A9A4 /* ViewController.swift in Sources */ = {isa = PBXBuildFile; fileRef = 4C8048581C85EBB50011A9A4 /* ViewController.swift */; };
		4C80485C1C85EBB50011A9A4 /* Main.storyboard in Resources */ = {isa = PBXBuildFile; fileRef = 4C80485A1C85EBB50011A9A4 /* Main.storyboard */; };
		4C80485E1C85EBB50011A9A4 /* Assets.xcassets in Resources */ = {isa = PBXBuildFile; fileRef = 4C80485D1C85EBB50011A9A4 /* Assets.xcassets */; };
		4C8048611C85EBB50011A9A4 /* LaunchScreen.storyboard in Resources */ = {isa = PBXBuildFile; fileRef = 4C80485F1C85EBB50011A9A4 /* LaunchScreen.storyboard */; };
/* End PBXBuildFile section */

/* Begin PBXFileReference section */
		4C8048531C85EBB50011A9A4 /* XMCircleTypeSwift.app */ = {isa = PBXFileReference; explicitFileType = wrapper.application; includeInIndex = 0; path = XMCircleTypeSwift.app; sourceTree = BUILT_PRODUCTS_DIR; };
		4C8048561C85EBB50011A9A4 /* AppDelegate.swift */ = {isa = PBXFileReference; lastKnownFileType = sourcecode.swift; path = AppDelegate.swift; sourceTree = "<group>"; };
		4C8048581C85EBB50011A9A4 /* ViewController.swift */ = {isa = PBXFileReference; lastKnownFileType = sourcecode.swift; path = ViewController.swift; sourceTree = "<group>"; };
		4C80485B1C85EBB50011A9A4 /* Base */ = {isa = PBXFileReference; lastKnownFileType = file.storyboard; name = Base; path = Base.lproj/Main.storyboard; sourceTree = "<group>"; };
		4C80485D1C85EBB50011A9A4 /* Assets.xcassets */ = {isa = PBXFileReference; lastKnownFileType = folder.assetcatalog; path = Assets.xcassets; sourceTree = "<group>"; };
		4C8048601C85EBB50011A9A4 /* Base */ = {isa = PBXFileReference; lastKnownFileType = file.storyboard; name = Base; path = Base.lproj/LaunchScreen.storyboard; sourceTree = "<group>"; };
		4C8048621C85EBB50011A9A4 /* Info.plist */ = {isa = PBXFileReference; lastKnownFileType = text.plist.xml; path = Info.plist; sourceTree = "<group>"; };
/* End PBXFileReference section */

/* Begin PBXFrameworksBuildPhase section */
		4C8048501C85EBB50011A9A4 /* Frameworks */ = {
			isa = PBXFrameworksBuildPhase;
			buildActionMask = 2147483647;
			files = (
			);
			runOnlyForDeploymentPostprocessing = 0;
		};
/* End PBXFrameworksBuildPhase section */

/* Begin PBXGroup section */
		4C80484A1C85EBB50011A9A4 = {
			isa = PBXGroup;
			children = (
				4C8048551C85EBB50011A9A4 /* XMCircleTypeSwift */,
				4C8048541C85EBB50011A9A4 /* Products */,
			);
			sourceTree = "<group>";
		};
		4C8048541C85EBB50011A9A4 /* Products */ = {
			isa = PBXGroup;
			children = (
				4C8048531C85EBB50011A9A4 /* XMCircleTypeSwift.app */,
			);
			name = Products;
			sourceTree = "<group>";
		};
		4C8048551C85EBB50011A9A4 /* XMCircleTypeSwift */ = {
			isa = PBXGroup;
			children = (
				4C8048561C85EBB50011A9A4 /* AppDelegate.swift */,
				4C8048581C85EBB50011A9A4 /* ViewController.swift */,
				4C80485A1C85EBB50011A9A4 /* Main.storyboard */,
				4C80485D1C85EBB50011A9A4 /* Assets.xcassets */,
				4C80485F1C85EBB50011A9A4 /* LaunchScreen.storyboard */,
				4C8048621C85EBB50011A9A4 /* Info.plist */,
			);
			path = XMCircleTypeSwift;
			sourceTree = "<group>";
		};
/* End PBXGroup section */

/* Begin PBXNativeTarget section */
		4C8048521C85EBB50011A9A4 /* XMCircleTypeSwift */ = {
			isa = PBXNativeTarget;
			buildConfigurationList = 4C8048651C85EBB50011A9A4 /* Build configuration list for PBXNativeTarget "XMCircleTypeSwift" */;
			buildPhases = (
				4C80484F1C85EBB50011A9A4 /* Sources */,
				4C8048501C85EBB50011A9A4 /* Frameworks */,
				4C8048511C85EBB50011A9A4 /* Resources */,
			);
			buildRules = (
			);
			dependencies = (
			);
			name = XMCircleTypeSwift;
			productName = XMCircleTypeSwift;
			productReference = 4C8048531C85EBB50011A9A4 /* XMCircleTypeSwift.app */;
			productType = "com.apple.product-type.application";
		};
/* End PBXNativeTarget section */

/* Begin PBXProject section */
		4C80484B1C85EBB50011A9A4 /* Project object */ = {
			isa = PBXProject;
			attributes = {
				LastSwiftUpdateCheck = 0720;
				LastUpgradeCheck = 0720;
				ORGANIZATIONNAME = "Michael Teeuw";
				TargetAttributes = {
					4C8048521C85EBB50011A9A4 = {
						CreatedOnToolsVersion = 7.2.1;
					};
				};
			};
			buildConfigurationList = 4C80484E1C85EBB50011A9A4 /* Build configuration list for PBXProject "XMCircleTypeSwift" */;
			compatibilityVersion = "Xcode 3.2";
			developmentRegion = English;
			hasScannedForEncodings = 0;
			knownRegions = (
				en,
				Base,
			);
			mainGroup = 4C80484A1C85EBB50011A9A4;
			productRefGroup = 4C8048541C85EBB50011A9A4 /* Products */;
			projectDirPath = "";
			projectRoot = "";
			targets = (
				4C8048521C85EBB50011A9A4 /* XMCircleTypeSwift */,
			);
		};
/* End PBXProject section */

/* Begin PBXResourcesBuildPhase section */
		4C8048511C85EBB50011A9A4 /* Resources */ = {
			isa = PBXResourcesBuildPhase;
			buildActionMask = 2147483647;
			files = (
				4C8048611C85EBB50011A9A4 /* LaunchScreen.storyboard in Resources */,
				4C80485E1C85EBB50011A9A4 /* Assets.xcassets in Resources */,
				4C80485C1C85EBB50011A9A4 /* Main.storyboard in Resources */,
			);
			runOnlyForDeploymentPostprocessing = 0;
		};
/* End PBXResourcesBuildPhase section */

/* Begin PBXSourcesBuildPhase section */
		4C80484F1C85EBB50011A9A4 /* Sources */ = {
			isa = PBXSourcesBuildPhase;
			buildActionMask = 2147483647;
			files = (
				4C8048591C85EBB50011A9A4 /* ViewController.swift in Sources */,
				4C8048571C85EBB50011A9A4 /* AppDelegate.swift in Sources */,
			);
			runOnlyForDeploymentPostprocessing = 0;
		};
/* End PBXSourcesBuildPhase section */

/* Begin PBXVariantGroup section */
		4C80485A1C85EBB50011A9A4 /* Main.storyboard */ = {
			isa = PBXVariantGroup;
			children = (
				4C80485B1C85EBB50011A9A4 /* Base */,
			);
			name = Main.storyboard;
			sourceTree = "<group>";
		};
		4C80485F1C85EBB50011A9A4 /* LaunchScreen.storyboard */ = {
			isa = PBXVariantGroup;
			children = (
				4C8048601C85EBB50011A9A4 /* Base */,
			);
			name = LaunchScreen.storyboard;
			sourceTree = "<group>";
		};
/* End PBXVariantGroup section */

/* Begin XCBuildConfiguration section */
		4C8048631C85EBB50011A9A4 /* Debug */ = {
			isa = XCBuildConfiguration;
			buildSettings = {
				ALWAYS_SEARCH_USER_PATHS = NO;
				CLANG_CXX_LANGUAGE_STANDARD = "gnu++0x";
				CLANG_CXX_LIBRARY = "libc++";
				CLANG_ENABLE_MODULES = YES;
				CLANG_ENABLE_OBJC_ARC = YES;
				CLANG_WARN_BOOL_CONVERSION = YES;
				CLANG_WARN_CONSTANT_CONVERSION = YES;
				CLANG_WARN_DIRECT_OBJC_ISA_USAGE = YES_ERROR;
				CLANG_WARN_EMPTY_BODY = YES;
				CLANG_WARN_ENUM_CONVERSION = YES;
				CLANG_WARN_INT_CONVERSION = YES;
				CLANG_WARN_OBJC_ROOT_CLASS = YES_ERROR;
				CLANG_WARN_UNREACHABLE_CODE = YES;
				CLANG_WARN__DUPLICATE_METHOD_MATCH = YES;
				"CODE_SIGN_IDENTITY[sdk=iphoneos*]" = "iPhone Developer";
				COPY_PHASE_STRIP = NO;
				DEBUG_INFORMATION_FORMAT = dwarf;
				ENABLE_STRICT_OBJC_MSGSEND = YES;
				ENABLE_TESTABILITY = YES;
				GCC_C_LANGUAGE_STANDARD = gnu99;
				GCC_DYNAMIC_NO_PIC = NO;
				GCC_NO_COMMON_BLOCKS = YES;
				GCC_OPTIMIZATION_LEVEL = 0;
				GCC_PREPROCESSOR_DEFINITIONS = (
					"DEBUG=1",
					"$(inherited)",
				);
				GCC_WARN_64_TO_32_BIT_CONVERSION = YES;
				GCC_WARN_ABOUT_RETURN_TYPE = YES_ERROR;
				GCC_WARN_UNDECLARED_SELECTOR = YES;
				GCC_WARN_UNINITIALIZED_AUTOS = YES_AGGRESSIVE;
				GCC_WARN_UNUSED_FUNCTION = YES;
				GCC_WARN_UNUSED_VARIABLE = YES;
				IPHONEOS_DEPLOYMENT_TARGET = 9.2;
				MTL_ENABLE_DEBUG_INFO = YES;
				ONLY_ACTIVE_ARCH = YES;
				SDKROOT = iphoneos;
				SWIFT_OPTIMIZATION_LEVEL = "-Onone";
				TARGETED_DEVICE_FAMILY = "1,2";
			};
			name = Debug;
		};
		4C8048641C85EBB50011A9A4 /* Release */ = {
			isa = XCBuildConfiguration;
			buildSettings = {
				ALWAYS_SEARCH_USER_PATHS = NO;
				CLANG_CXX_LANGUAGE_STANDARD = "gnu++0x";
				CLANG_CXX_LIBRARY = "libc++";
				CLANG_ENABLE_MODULES = YES;
				CLANG_ENABLE_OBJC_ARC = YES;
				CLANG_WARN_BOOL_CONVERSION = YES;
				CLANG_WARN_CONSTANT_CONVERSION = YES;
				CLANG_WARN_DIRECT_OBJC_ISA_USAGE = YES_ERROR;
				CLANG_WARN_EMPTY_BODY = YES;
				CLANG_WARN_ENUM_CONVERSION = YES;
				CLANG_WARN_INT_CONVERSION = YES;
				CLANG_WARN_OBJC_ROOT_CLASS = YES_ERROR;
				CLANG_WARN_UNREACHABLE_CODE = YES;
				CLANG_WARN__DUPLICATE_METHOD_MATCH = YES;
				"CODE_SIGN_IDENTITY[sdk=iphoneos*]" = "iPhone Developer";
				COPY_PHASE_STRIP = NO;
				DEBUG_INFORMATION_FORMAT = "dwarf-with-dsym";
				ENABLE_NS_ASSERTIONS = NO;
				ENABLE_STRICT_OBJC_MSGSEND = YES;
				GCC_C_LANGUAGE_STANDARD = gnu99;
				GCC_NO_COMMON_BLOCKS = YES;
				GCC_WARN_64_TO_32_BIT_CONVERSION = YES;
				GCC_WARN_ABOUT_RETURN_TYPE = YES_ERROR;
				GCC_WARN_UNDECLARED_SELECTOR = YES;
				GCC_WARN_UNINITIALIZED_AUTOS = YES_AGGRESSIVE;
				GCC_WARN_UNUSED_FUNCTION = YES;
				GCC_WARN_UNUSED_VARIABLE = YES;
				IPHONEOS_DEPLOYMENT_TARGET = 9.2;
				MTL_ENABLE_DEBUG_INFO = NO;
				SDKROOT = iphoneos;
				TARGETED_DEVICE_FAMILY = "1,2";
				VALIDATE_PRODUCT = YES;
			};
			name = Release;
		};
		4C8048661C85EBB50011A9A4 /* Debug */ = {
			isa = XCBuildConfiguration;
			buildSettings = {
				ASSETCATALOG_COMPILER_APPICON_NAME = AppIcon;
				INFOPLIST_FILE = XMCircleTypeSwift/Info.plist;
				LD_RUNPATH_SEARCH_PATHS = "$(inherited) @executable_path/Frameworks";
				PRODUCT_BUNDLE_IDENTIFIER = nl.xonaymedia.XMCircleTypeSwift;
				PRODUCT_NAME = "$(TARGET_NAME)";
			};
			name = Debug;
		};
		4C8048671C85EBB50011A9A4 /* Release */ = {
			isa = XCBuildConfiguration;
			buildSettings = {
				ASSETCATALOG_COMPILER_APPICON_NAME = AppIcon;
				INFOPLIST_FILE = XMCircleTypeSwift/Info.plist;
				LD_RUNPATH_SEARCH_PATHS = "$(inherited) @executable_path/Frameworks";
				PRODUCT_BUNDLE_IDENTIFIER = nl.xonaymedia.XMCircleTypeSwift;
				PRODUCT_NAME = "$(TARGET_NAME)";
			};
			name = Release;
		};
/* End XCBuildConfiguration section */

/* Begin XCConfigurationList section */
		4C80484E1C85EBB50011A9A4 /* Build configuration list for PBXProject "XMCircleTypeSwift" */ = {
			isa = XCConfigurationList;
			buildConfigurations = (
				4C8048631C85EBB50011A9A4 /* Debug */,
				4C8048641C85EBB50011A9A4 /* Release */,
			);
			defaultConfigurationIsVisible = 0;
			defaultConfigurationName = Release;
		};
		4C8048651C85EBB50011A9A4 /* Build configuration list for PBXNativeTarget "XMCircleTypeSwift" */ = {
			isa = XCConfigurationList;
			buildConfigurations = (
				4C8048661C85EBB50011A9A4 /* Debug */,
				4C8048671C85EBB50011A9A4 /* Release */,
			);
			defaultConfigurationIsVisible = 0;
		};
/* End XCConfigurationList section */
	};
	rootObject = 4C80484B1C85EBB50011A9A4 /* Project object */;
}
